// !$*UTF8*$!
{
	archiveVersion = 1;
	classes = {
	};
	objectVersion = 46;
	objects = {
		D7BA7D76DAB5DD13389D6332 = {
			buildActionMask = 2147483647;
			files = (
				);
			generatedFileNames = (
				);
			isa = PBXShellScriptBuildPhase;
			name = "Qt Qmake";
			neededFileNames = (
				);
			shellPath = "/bin/sh";
			shellScript = "make\ -C\ /Users/renzo/LLNUX/KapCompta\ -f\ \'KapCompta.xcodeproj/qt_makeqmake.mak\'";
		};
		118FCBAABA162BA17933C789 = {
			isa = PBXFileReference;
			name = "main.cpp";
			path = "main.cpp";
			refType = 4;
			lastKnownFileType = "sourcecode.cpp.cpp";
		};
		2B093CA6F071B023A473CED0 = {
			fileRef = "118FCBAABA162BA17933C789";
			isa = PBXBuildFile;
			settings = {
				ATTRIBUTES = (
					);
			};
		};
		0492DC22F011C119F2DCE0AC = {
			isa = PBXFileReference;
			name = "kcmain.cpp";
			path = "kcmain.cpp";
			refType = 4;
			lastKnownFileType = "sourcecode.cpp.cpp";
		};
		E7BF496FCA26C94BDB00BE89 = {
			fileRef = "0492DC22F011C119F2DCE0AC";
			isa = PBXBuildFile;
			settings = {
				ATTRIBUTES = (
					);
			};
		};
		97C0BBABCE8942922F21BE27 = {
			isa = PBXFileReference;
			name = "kcwelcomescreen.cpp";
			path = "kcwelcomescreen.cpp";
			refType = 4;
			lastKnownFileType = "sourcecode.cpp.cpp";
		};
		F65737FC96E4B45484C6EDA0 = {
			fileRef = "97C0BBABCE8942922F21BE27";
			isa = PBXBuildFile;
			settings = {
				ATTRIBUTES = (
					);
			};
		};
		BDA0B56665640FA3392A42D8 = {
			isa = PBXFileReference;
			name = "kcnewaccount.cpp";
			path = "kcnewaccount.cpp";
			refType = 4;
			lastKnownFileType = "sourcecode.cpp.cpp";
		};
		24A722E6D092BEE0FD60DB11 = {
			fileRef = "BDA0B56665640FA3392A42D8";
			isa = PBXBuildFile;
			settings = {
				ATTRIBUTES = (
					);
			};
		};
		33BE65FD84A7D46D145464DD = {
			isa = PBXFileReference;
			name = "kcsettings.cpp";
			path = "kcsettings.cpp";
			refType = 4;
			lastKnownFileType = "sourcecode.cpp.cpp";
		};
		7A89D9747330E957AD7E7146 = {
			fileRef = "33BE65FD84A7D46D145464DD";
			isa = PBXBuildFile;
			settings = {
				ATTRIBUTES = (
					);
			};
		};
		2096B9430B9B7D1C76657AC6 = {
			isa = PBXFileReference;
			name = "kcbasicaccountproperties.cpp";
			path = "kcbasicaccountproperties.cpp";
			refType = 4;
			lastKnownFileType = "sourcecode.cpp.cpp";
		};
		4B3C65C134566BBDBCDBCD88 = {
			fileRef = "2096B9430B9B7D1C76657AC6";
			isa = PBXBuildFile;
			settings = {
				ATTRIBUTES = (
					);
			};
		};
		3FA8D78CE58D0517F6552E8B = {
			isa = PBXFileReference;
			name = "kcticketpanel.cpp";
			path = "kcticketpanel.cpp";
			refType = 4;
			lastKnownFileType = "sourcecode.cpp.cpp";
		};
		259C7F52BB73E68A3EF66150 = {
			fileRef = "3FA8D78CE58D0517F6552E8B";
			isa = PBXBuildFile;
			settings = {
				ATTRIBUTES = (
					);
			};
		};
		C144BD38AE5C8B90BEA8A11C = {
			isa = PBXFileReference;
			name = "kcpeoplepanel.cpp";
			path = "kcpeoplepanel.cpp";
			refType = 4;
			lastKnownFileType = "sourcecode.cpp.cpp";
		};
		43B005A66B9670CDA28DB0A1 = {
			fileRef = "C144BD38AE5C8B90BEA8A11C";
			isa = PBXBuildFile;
			settings = {
				ATTRIBUTES = (
					);
			};
		};
		C871AD1DED5D573F419A80BF = {
			isa = PBXFileReference;
			name = "kcspendingpanel.cpp";
			path = "kcspendingpanel.cpp";
			refType = 4;
			lastKnownFileType = "sourcecode.cpp.cpp";
		};
		EE45224EFAC8DA3DD3D3781A = {
			fileRef = "C871AD1DED5D573F419A80BF";
			isa = PBXBuildFile;
			settings = {
				ATTRIBUTES = (
					);
			};
		};
		23947FB7824B3A2DBD24D5DB = {
			isa = PBXFileReference;
			name = "kcpropertiespanel.cpp";
			path = "kcpropertiespanel.cpp";
			refType = 4;
			lastKnownFileType = "sourcecode.cpp.cpp";
		};
		277E73B4F7DC074FFC212A08 = {
			fileRef = "23947FB7824B3A2DBD24D5DB";
			isa = PBXBuildFile;
			settings = {
				ATTRIBUTES = (
					);
			};
		};
		1AD092A13B8AF256F9665934 = {
			isa = PBXFileReference;
			name = "kcsummarypanel.cpp";
			path = "kcsummarypanel.cpp";
			refType = 4;
			lastKnownFileType = "sourcecode.cpp.cpp";
		};
		851CC83E469791F427DB5BFB = {
			fileRef = "1AD092A13B8AF256F9665934";
			isa = PBXBuildFile;
			settings = {
				ATTRIBUTES = (
					);
			};
		};
		3FAA5A58CD680908BBE37EDA = {
			isa = PBXFileReference;
			name = "kcbasicsummaryview.cpp";
			path = "kcbasicsummaryview.cpp";
			refType = 4;
			lastKnownFileType = "sourcecode.cpp.cpp";
		};
		4570288B015AE5982907D4E5 = {
			fileRef = "3FAA5A58CD680908BBE37EDA";
			isa = PBXBuildFile;
			settings = {
				ATTRIBUTES = (
					);
			};
		};
		A2608C633FE8E321D86C704D = {
			isa = PBXFileReference;
			name = "kcdatabasehelper.cpp";
			path = "kcdatabasehelper.cpp";
			refType = 4;
			lastKnownFileType = "sourcecode.cpp.cpp";
		};
		A247B6DFAB143D6992C47E3B = {
			fileRef = "A2608C633FE8E321D86C704D";
			isa = PBXBuildFile;
			settings = {
				ATTRIBUTES = (
					);
			};
		};
		5AFC576FAA30F7FDD21B78BE = {
			isa = PBXFileReference;
			name = "kcfilemanager.cpp";
			path = "kcfilemanager.cpp";
			refType = 4;
			lastKnownFileType = "sourcecode.cpp.cpp";
		};
		040A7BDEBDEA5EDF9305B22A = {
			fileRef = "5AFC576FAA30F7FDD21B78BE";
			isa = PBXBuildFile;
			settings = {
				ATTRIBUTES = (
					);
			};
		};
		8ED7CAC36ED6E7EAB236B48B = {
			isa = PBXFileReference;
			name = "kcpdfformat.cpp";
			path = "kcpdfformat.cpp";
			refType = 4;
			lastKnownFileType = "sourcecode.cpp.cpp";
		};
		2CB113A849D943B6F015FA14 = {
			fileRef = "8ED7CAC36ED6E7EAB236B48B";
			isa = PBXBuildFile;
			settings = {
				ATTRIBUTES = (
					);
			};
		};
		67C8509F572C609D3EEA2186 = {
			isa = PBXFileReference;
			name = "logo.png";
			path = "icons/logo.png";
			refType = 4;
		};
		CA49920E8BF035DBA1DEED4A = {
			fileRef = "67C8509F572C609D3EEA2186";
			isa = PBXBuildFile;
			settings = {
				ATTRIBUTES = (
					);
			};
		};
		1C1337C9BE4B6506F9B6148B = {
			isa = PBXFileReference;
			name = "moc_kcmain.cpp";
			path = "moc_kcmain.cpp";
			refType = 4;
			lastKnownFileType = "sourcecode.cpp.cpp";
		};
		9BD47C8C0A225EF8AF200A26 = {
			fileRef = "1C1337C9BE4B6506F9B6148B";
			isa = PBXBuildFile;
			settings = {
				ATTRIBUTES = (
					);
			};
		};
		D32AF2E4B47D8AF3D089B1FC = {
			isa = PBXFileReference;
			name = "moc_kcwelcomescreen.cpp";
			path = "moc_kcwelcomescreen.cpp";
			refType = 4;
			lastKnownFileType = "sourcecode.cpp.cpp";
		};
		B68107632D88F5C4B9605B51 = {
			fileRef = "D32AF2E4B47D8AF3D089B1FC";
			isa = PBXBuildFile;
			settings = {
				ATTRIBUTES = (
					);
			};
		};
		EDA44C132B5B260E910834C4 = {
			isa = PBXFileReference;
			name = "moc_kcnewaccount.cpp";
			path = "moc_kcnewaccount.cpp";
			refType = 4;
			lastKnownFileType = "sourcecode.cpp.cpp";
		};
		4E31FCB049755BA3B02C2D09 = {
			fileRef = "EDA44C132B5B260E910834C4";
			isa = PBXBuildFile;
			settings = {
				ATTRIBUTES = (
					);
			};
		};
		3D85D6D2FBF591235CBBABA7 = {
			isa = PBXFileReference;
			name = "moc_kcbasicaccountproperties.cpp";
			path = "moc_kcbasicaccountproperties.cpp";
			refType = 4;
			lastKnownFileType = "sourcecode.cpp.cpp";
		};
		F5B29A610D7C53E150D67871 = {
			fileRef = "3D85D6D2FBF591235CBBABA7";
			isa = PBXBuildFile;
			settings = {
				ATTRIBUTES = (
					);
			};
		};
		37F8C5B8050CE9BEB166FAE3 = {
			isa = PBXFileReference;
			name = "moc_kcticketpanel.cpp";
			path = "moc_kcticketpanel.cpp";
			refType = 4;
			lastKnownFileType = "sourcecode.cpp.cpp";
		};
		D1ED28BFEA18E24C150AFEB4 = {
			fileRef = "37F8C5B8050CE9BEB166FAE3";
			isa = PBXBuildFile;
			settings = {
				ATTRIBUTES = (
					);
			};
		};
		927F303AEEF933F31C797F77 = {
			isa = PBXFileReference;
			name = "moc_kcpeoplepanel.cpp";
			path = "moc_kcpeoplepanel.cpp";
			refType = 4;
			lastKnownFileType = "sourcecode.cpp.cpp";
		};
		F33590AEFD69183654EF8FD7 = {
			fileRef = "927F303AEEF933F31C797F77";
			isa = PBXBuildFile;
			settings = {
				ATTRIBUTES = (
					);
			};
		};
		78D538C3CD224E4205C113B5 = {
			isa = PBXFileReference;
			name = "moc_kcspendingpanel.cpp";
			path = "moc_kcspendingpanel.cpp";
			refType = 4;
			lastKnownFileType = "sourcecode.cpp.cpp";
		};
		6981FC7AE99EB2C9F0F2CA2E = {
			fileRef = "78D538C3CD224E4205C113B5";
			isa = PBXBuildFile;
			settings = {
				ATTRIBUTES = (
					);
			};
		};
		4E291C23C1982DB29CA68894 = {
			isa = PBXFileReference;
			name = "moc_kcpropertiespanel.cpp";
			path = "moc_kcpropertiespanel.cpp";
			refType = 4;
			lastKnownFileType = "sourcecode.cpp.cpp";
		};
		1FBC86D6595328C74B41C403 = {
			fileRef = "4E291C23C1982DB29CA68894";
			isa = PBXBuildFile;
			settings = {
				ATTRIBUTES = (
					);
			};
		};
		1AFB361186C9ABCA951CF49F = {
			isa = PBXFileReference;
			name = "moc_kcsummarypanel.cpp";
			path = "moc_kcsummarypanel.cpp";
			refType = 4;
			lastKnownFileType = "sourcecode.cpp.cpp";
		};
		391886291DBD869E1F47D16A = {
			fileRef = "1AFB361186C9ABCA951CF49F";
			isa = PBXBuildFile;
			settings = {
				ATTRIBUTES = (
					);
			};
		};
		58707F61743CED6A3643352B = {
			isa = PBXFileReference;
			name = "moc_kcbasicsummaryview.cpp";
			path = "moc_kcbasicsummaryview.cpp";
			refType = 4;
			lastKnownFileType = "sourcecode.cpp.cpp";
		};
		A4BF91A0DE3FB36962600190 = {
			fileRef = "58707F61743CED6A3643352B";
			isa = PBXBuildFile;
			settings = {
				ATTRIBUTES = (
					);
			};
		};
		A9B552A7EEE32085A5F7D9AF = {
			isa = PBXFileReference;
			name = "moc_kcfilemanager.cpp";
			path = "moc_kcfilemanager.cpp";
			refType = 4;
			lastKnownFileType = "sourcecode.cpp.cpp";
		};
		BA60E137214D0AB602444E43 = {
			fileRef = "A9B552A7EEE32085A5F7D9AF";
			isa = PBXBuildFile;
			settings = {
				ATTRIBUTES = (
					);
			};
		};
		CA133A8E2342C080342CBBEC = {
			isa = PBXFileReference;
			name = "moc_kcpdfformat.cpp";
			path = "moc_kcpdfformat.cpp";
			refType = 4;
			lastKnownFileType = "sourcecode.cpp.cpp";
		};
		FADCA43FFFC8D08AA37E67E3 = {
			fileRef = "CA133A8E2342C080342CBBEC";
			isa = PBXBuildFile;
			settings = {
				ATTRIBUTES = (
					);
			};
		};
		AF545533C83B0FD30411F250 = {
			isa = PBXFileReference;
			name = "qrc_icons.cpp";
			path = "qrc_icons.cpp";
			refType = 4;
			lastKnownFileType = "sourcecode.cpp.cpp";
		};
		458677C08D9AC05272F7712B = {
			fileRef = "AF545533C83B0FD30411F250";
			isa = PBXBuildFile;
			settings = {
				ATTRIBUTES = (
					);
			};
		};
		23D4AE41CD50DE8EBB77AA48 = {
			isa = PBXFileReference;
			name = "kcmain.h";
			path = "kcmain.h";
			refType = 4;
		};
		927DFC55383753BC3C865B1F = {
			isa = PBXFileReference;
			name = "kcwelcomescreen.h";
			path = "kcwelcomescreen.h";
			refType = 4;
		};
		42E485E76B040F7A526A0A85 = {
			isa = PBXFileReference;
			name = "kcnewaccount.h";
			path = "kcnewaccount.h";
			refType = 4;
		};
		A8FB4C6FB67DD961F6509FC4 = {
			isa = PBXFileReference;
			name = "interfaces.h";
			path = "interfaces.h";
			refType = 4;
		};
		55EEB6948947814C329411B9 = {
			isa = PBXFileReference;
			name = "kcsettings.h";
			path = "kcsettings.h";
			refType = 4;
		};
		8BE75E1766147790879FD179 = {
			isa = PBXFileReference;
			name = "kcbasicaccountproperties.h";
			path = "kcbasicaccountproperties.h";
			refType = 4;
		};
		612250B5EBFE14FCA15AB555 = {
			isa = PBXFileReference;
			name = "kcticketpanel.h";
			path = "kcticketpanel.h";
			refType = 4;
		};
		95CA1EAD02AF4AD521A352EC = {
			isa = PBXFileReference;
			name = "kcpeoplepanel.h";
			path = "kcpeoplepanel.h";
			refType = 4;
		};
		22BEBDB38038807A1884EBF6 = {
			isa = PBXFileReference;
			name = "kcspendingpanel.h";
			path = "kcspendingpanel.h";
			refType = 4;
		};
		51E17863C3C8855029E5312C = {
			isa = PBXFileReference;
			name = "kcpropertiespanel.h";
			path = "kcpropertiespanel.h";
			refType = 4;
		};
		52A6CBD08AA716F51AFE2810 = {
			isa = PBXFileReference;
			name = "kcsummarypanel.h";
			path = "kcsummarypanel.h";
			refType = 4;
		};
		AFBDB743AA79FB8A5E89EC5F = {
			isa = PBXFileReference;
			name = "kcbasicsummaryview.h";
			path = "kcbasicsummaryview.h";
			refType = 4;
		};
		29F2D60B4F42533639684C58 = {
			isa = PBXFileReference;
			name = "kcdatabasehelper.h";
			path = "kcdatabasehelper.h";
			refType = 4;
		};
		14507898F1230F477F9D45E0 = {
			isa = PBXFileReference;
			name = "kcfilemanager.h";
			path = "kcfilemanager.h";
			refType = 4;
		};
		F281A62BDD08E23C0B8519DB = {
			isa = PBXFileReference;
			name = "kcpdfformat.h";
			path = "kcpdfformat.h";
			refType = 4;
		};
		5FE91FDA60FF458C801CB77A = {
			isa = PBXFileReference;
			name = "KapCompta.pro";
			path = "KapCompta.pro";
			refType = 4;
		};
		577A1B29F4F1D89A37A18513 = {
			isa = PBXFileReference;
			name = "icons.qrc";
			path = "icons/icons.qrc";
			refType = 4;
		};
		BEF4CFB38D4D613B91416672 = {
			fileRef = "577A1B29F4F1D89A37A18513";
			isa = PBXBuildFile;
			settings = {
				ATTRIBUTES = (
					);
			};
		};
		883D7615C4D2DE3FA1218F12 = {
			isa = PBXGroup;
			children = (
				"23D4AE41CD50DE8EBB77AA48",
				"927DFC55383753BC3C865B1F",
				"42E485E76B040F7A526A0A85",
				"A8FB4C6FB67DD961F6509FC4",
				"55EEB6948947814C329411B9",
				"8BE75E1766147790879FD179",
				"612250B5EBFE14FCA15AB555",
				"95CA1EAD02AF4AD521A352EC",
				"22BEBDB38038807A1884EBF6",
				"51E17863C3C8855029E5312C",
				"52A6CBD08AA716F51AFE2810",
				"AFBDB743AA79FB8A5E89EC5F",
				"29F2D60B4F42533639684C58",
				"14507898F1230F477F9D45E0",
				"F281A62BDD08E23C0B8519DB");
			name = "Headers";
			refType = 4;
		};
		D43293749E8EE692E3C4CA3C = {
			isa = PBXGroup;
			children = (
				"577A1B29F4F1D89A37A18513");
			name = "icons";
			refType = 4;
		};
		80594147FF38978F0E91964D = {
			isa = PBXGroup;
			children = (
				"67C8509F572C609D3EEA2186");
			name = "icons";
			refType = 4;
		};
		FB61758D0F0FDA4BA867C3D5 = {
			isa = PBXGroup;
			children = (
				"118FCBAABA162BA17933C789",
				"0492DC22F011C119F2DCE0AC",
				"97C0BBABCE8942922F21BE27",
				"BDA0B56665640FA3392A42D8",
				"33BE65FD84A7D46D145464DD",
				"2096B9430B9B7D1C76657AC6",
				"3FA8D78CE58D0517F6552E8B",
				"C144BD38AE5C8B90BEA8A11C",
				"C871AD1DED5D573F419A80BF",
				"23947FB7824B3A2DBD24D5DB",
				"1AD092A13B8AF256F9665934",
				"3FAA5A58CD680908BBE37EDA",
				"A2608C633FE8E321D86C704D",
				"5AFC576FAA30F7FDD21B78BE",
				"8ED7CAC36ED6E7EAB236B48B",
				"80594147FF38978F0E91964D");
			name = "Sources";
			refType = 4;
		};
		52C235EBF1C9B07808119459 = {
			isa = PBXGroup;
			children = (
				"D43293749E8EE692E3C4CA3C");
			name = "Sources [RCC]";
			refType = 4;
		};
		7CABE3C80E79AD2B307756D2 = {
			isa = PBXGroup;
			children = (
				"5FE91FDA60FF458C801CB77A");
			name = "Sources [qmake]";
			refType = 4;
		};
		46E892BBB6BB6952967E0561 = {
			isa = PBXGroup;
			children = (
				"1C1337C9BE4B6506F9B6148B",
				"D32AF2E4B47D8AF3D089B1FC",
				"EDA44C132B5B260E910834C4",
				"3D85D6D2FBF591235CBBABA7",
				"37F8C5B8050CE9BEB166FAE3",
				"927F303AEEF933F31C797F77",
				"78D538C3CD224E4205C113B5",
				"4E291C23C1982DB29CA68894",
				"1AFB361186C9ABCA951CF49F",
				"58707F61743CED6A3643352B",
				"A9B552A7EEE32085A5F7D9AF",
				"CA133A8E2342C080342CBBEC",
				"AF545533C83B0FD30411F250");
			name = "Temporary Sources";
			refType = 4;
		};
		A0A52A2ADF7A1E2A99738674 = {
			buildActionMask = 2147483647;
			files = (
				);
			generatedFileNames = (
				"2B093CA6F071B023A473CED0",
				"E7BF496FCA26C94BDB00BE89",
				"F65737FC96E4B45484C6EDA0",
				"24A722E6D092BEE0FD60DB11",
				"7A89D9747330E957AD7E7146",
				"4B3C65C134566BBDBCDBCD88",
				"259C7F52BB73E68A3EF66150",
				"43B005A66B9670CDA28DB0A1",
				"EE45224EFAC8DA3DD3D3781A",
				"277E73B4F7DC074FFC212A08",
				"851CC83E469791F427DB5BFB",
				"4570288B015AE5982907D4E5",
				"A247B6DFAB143D6992C47E3B",
				"040A7BDEBDEA5EDF9305B22A",
				"2CB113A849D943B6F015FA14",
				"9BD47C8C0A225EF8AF200A26",
				"B68107632D88F5C4B9605B51",
				"4E31FCB049755BA3B02C2D09",
				"F5B29A610D7C53E150D67871",
				"D1ED28BFEA18E24C150AFEB4",
				"F33590AEFD69183654EF8FD7",
				"6981FC7AE99EB2C9F0F2CA2E",
				"1FBC86D6595328C74B41C403",
				"391886291DBD869E1F47D16A",
				"A4BF91A0DE3FB36962600190",
				"BA60E137214D0AB602444E43",
				"FADCA43FFFC8D08AA37E67E3",
				"458677C08D9AC05272F7712B");
			isa = PBXShellScriptBuildPhase;
			name = "Qt Preprocessors";
			neededFileNames = (
				"2B093CA6F071B023A473CED0",
				"E7BF496FCA26C94BDB00BE89",
				"F65737FC96E4B45484C6EDA0",
				"24A722E6D092BEE0FD60DB11",
				"7A89D9747330E957AD7E7146",
				"4B3C65C134566BBDBCDBCD88",
				"259C7F52BB73E68A3EF66150",
				"43B005A66B9670CDA28DB0A1",
				"EE45224EFAC8DA3DD3D3781A",
				"277E73B4F7DC074FFC212A08",
				"851CC83E469791F427DB5BFB",
				"4570288B015AE5982907D4E5",
				"A247B6DFAB143D6992C47E3B",
				"040A7BDEBDEA5EDF9305B22A",
				"2CB113A849D943B6F015FA14",
				"9BD47C8C0A225EF8AF200A26",
				"B68107632D88F5C4B9605B51",
				"4E31FCB049755BA3B02C2D09",
				"F5B29A610D7C53E150D67871",
				"D1ED28BFEA18E24C150AFEB4",
				"F33590AEFD69183654EF8FD7",
				"6981FC7AE99EB2C9F0F2CA2E",
				"1FBC86D6595328C74B41C403",
				"391886291DBD869E1F47D16A",
				"A4BF91A0DE3FB36962600190",
				"BA60E137214D0AB602444E43",
				"FADCA43FFFC8D08AA37E67E3",
				"458677C08D9AC05272F7712B");
			shellPath = "/bin/sh";
			shellScript = "make\ -C\ /Users/renzo/LLNUX/KapCompta\ -f\ \'KapCompta.xcodeproj/qt_preprocess.mak\'";
		};
		C29B8785722055ED95EF7B57 = {
			buildActionMask = 2147483647;
			files = (
				"2B093CA6F071B023A473CED0",
				"E7BF496FCA26C94BDB00BE89",
				"F65737FC96E4B45484C6EDA0",
				"24A722E6D092BEE0FD60DB11",
				"7A89D9747330E957AD7E7146",
				"4B3C65C134566BBDBCDBCD88",
				"259C7F52BB73E68A3EF66150",
				"43B005A66B9670CDA28DB0A1",
				"EE45224EFAC8DA3DD3D3781A",
				"277E73B4F7DC074FFC212A08",
				"851CC83E469791F427DB5BFB",
				"4570288B015AE5982907D4E5",
				"A247B6DFAB143D6992C47E3B",
				"040A7BDEBDEA5EDF9305B22A",
				"2CB113A849D943B6F015FA14",
				"9BD47C8C0A225EF8AF200A26",
				"B68107632D88F5C4B9605B51",
				"4E31FCB049755BA3B02C2D09",
				"F5B29A610D7C53E150D67871",
				"D1ED28BFEA18E24C150AFEB4",
				"F33590AEFD69183654EF8FD7",
				"6981FC7AE99EB2C9F0F2CA2E",
				"1FBC86D6595328C74B41C403",
				"391886291DBD869E1F47D16A",
				"A4BF91A0DE3FB36962600190",
				"BA60E137214D0AB602444E43",
				"FADCA43FFFC8D08AA37E67E3",
				"458677C08D9AC05272F7712B");
			isa = PBXSourcesBuildPhase;
			name = "Build Sources";
		};
		E0814A49DDD73EF0F620E7DB = {
			isa = PBXFrameworkReference;
			name = "QtSql.framework";
			path = "/Library/Frameworks/QtSql.framework";
			refType = 0;
		};
		C78BFE0DD4D0FC1F4B157F30 = {
			fileRef = "E0814A49DDD73EF0F620E7DB";
			isa = PBXBuildFile;
			settings = {
			};
		};
		7BC2E65A5E699A5E5D834CA2 = {
			isa = PBXFrameworkReference;
			name = "QtCore.framework";
			path = "/Library/Frameworks/QtCore.framework";
			refType = 0;
		};
		069D05B0128AE5DC7EE31738 = {
			fileRef = "7BC2E65A5E699A5E5D834CA2";
			isa = PBXBuildFile;
			settings = {
			};
		};
		9B36DA7E32F0304E780E7972 = {
			isa = PBXFrameworkReference;
			name = "QtGui.framework";
			path = "/Library/Frameworks/QtGui.framework";
			refType = 0;
		};
		501667F26B3C1FF6767A7C12 = {
			fileRef = "9B36DA7E32F0304E780E7972";
			isa = PBXBuildFile;
			settings = {
			};
		};
		ED1E82605DD74B483AF3C982 = {
			children = (
				"E0814A49DDD73EF0F620E7DB",
				"7BC2E65A5E699A5E5D834CA2",
				"9B36DA7E32F0304E780E7972");
			isa = PBXGroup;
			name = "External Frameworks and Libraries";
			path = "";
			refType = 4;
		};
		2A1043669E6E5A7426EA502A = {
			buildActionMask = 2147483647;
			files = (
				"C78BFE0DD4D0FC1F4B157F30",
				"069D05B0128AE5DC7EE31738",
				"501667F26B3C1FF6767A7C12");
			isa = PBXFrameworksBuildPhase;
			name = "Frameworks & Libraries";
		};
		3787F99312C85FF0073FD7BA = {
			buildActionMask = 2147483647;
			files = (
				CA49920E8BF035DBA1DEED4A,
			);
			isa = PBXResourcesBuildPhase;
			name = "Bundle Resources";
		};
		05596AB53D8D521C69802C27 = {
			children = (
				"FB61758D0F0FDA4BA867C3D5",
				"46E892BBB6BB6952967E0561",
				"883D7615C4D2DE3FA1218F12",
				"7CABE3C80E79AD2B307756D2",
				"52C235EBF1C9B07808119459",
				"ED1E82605DD74B483AF3C982");
			isa = PBXGroup;
			name = "KapCompta";
			path = "";
			refType = 4;
		};
		A39BC312E8B84BE9386A8822 = {
			isa = PBXFileReference;
			explicitFileType = "wrapper.application";
			path = "KapCompta.app";
			refType = 3;
			sourceTree = BUILT_PRODUCTS_DIR;
		};
		068F80C7519D0528FB08E821 = {
			children = (
				"A39BC312E8B84BE9386A8822");
			isa = PBXGroup;
			name = "Products";
			refType = 4;
		};
		C344A70C4FA674C9369F4EB5 = {
			buildPhases = (
				"D7BA7D76DAB5DD13389D6332",
				"A0A52A2ADF7A1E2A99738674",
				"C29B8785722055ED95EF7B57",
				"2A1043669E6E5A7426EA502A",
				"3787F99312C85FF0073FD7BA");
			buildSettings = {
				CC = "/usr/bin/gcc";
				CPLUSPLUS = "/usr/bin/g++";
				LEXFLAGS = "";
				YACCFLAGS = "-d";
				OTHER_REZFLAGS = "";
				SECTORDER_FLAGS = "";
				WARNING_CFLAGS = "";
				PREBINDING = NO;
				INFOPLIST_FILE = "Info.plist";
				BUILD_ROOT = "/Users/renzo/LLNUX/KapCompta";
				OTHER_LDFLAGS = (
						"-headerpad_max_install_names",
						"-L/Library/Frameworks",
						"-F/Library/Frameworks");
				DYLIB_CURRENT_VERSION = "1.0.0";
				DYLIB_COMPATIBILITY_VERSION = "1.0";
				MACOSX_DEPLOYMENT_TARGET = "10.4";
				PRODUCT_NAME = "KapCompta";
			};
			conditionalBuildSettings = {
			};
			dependencies = (
				);
			productReference = "A39BC312E8B84BE9386A8822";
			shouldUseHeadermap = 1;
			buildConfigurationList = 17B3380A4D6A7D415E7F2E1E;
			isa = PBXNativeTarget;
			productType = "com.apple.product-type.application";
			productSettingsXML = "<?xml version=\"1.0\" encoding=\"UTF-8\"?>
<!DOCTYPE plist SYSTEM \"file://localhost/System/Library/DTDs/PropertyList.dtd\">
<plist version=\"0.9\">
<dict>
	<key>CFBundleIconFile</key>
	<string>logo.png</string>
	<key>CFBundlePackageType</key>
	<string>APPL</string>
 	<key>CFBundleGetInfoString</key>
	<string>Created by Qt/QMake</string>
	<key>CFBundleSignature</key>
	<string>????</string>
	<key>CFBundleExecutable</key>
	<string>KapCompta</string>
	<key>CFBundleIdentifier</key>
	<string>com.yourcompany.KapCompta</string>
	<key>NOTE</key>
	<string>This file was generated by Qt/QMake.</string>
</dict>
</plist>
";
			name = "KapCompta";
			productName = "KapCompta";
			startupPath = "<<ProjectDirectory>>";
		};
		4B72B24813252891014BCF61 = {
			isa = XCBuildConfiguration;
			buildSettings = {
				COPY_PHASE_STRIP = "NO";
				GCC_GENERATE_DEBUGGING_SYMBOLS = "YES";
				GCC_OPTIMIZATION_LEVEL = "0";
				PRODUCT_NAME = "KapCompta";
				HEADER_SEARCH_PATHS = (
					"/Library/Frameworks/QtCore.framework/Versions/4/Headers",
					"/usr/include/QtCore",
					"/Library/Frameworks/QtGui.framework/Versions/4/Headers",
					"/usr/include/QtGui",
					"/Library/Frameworks/QtSql.framework/Versions/4/Headers",
					"/usr/include/QtSql",
					"/usr/include",
					".",
					"/usr/local/include",
					"/System/Library/Frameworks/CarbonCore.framework/Headers",
					"/usr/local/Qt4.8/mkspecs/macx-xcode");
				LIBRARY_SEARCH_PATHS = (
					"/Library/Frameworks");
				FRAMEWORK_SEARCH_PATHS = (
					"/Library/Frameworks",
					"/Library/Frameworks");
				INFOPLIST_FILE = "Info.plist";
				OTHER_CFLAGS = (
					"-pipe",
					"-g",
					"-Wall",
					"-W",
					"-DQT_USE_QSTRINGBUILDER",
					"-DQT_SQL_LIB",
					"-DQT_GUI_LIB",
					"-DQT_CORE_LIB",
					"-DQT_SHARED");
				OTHER_CPLUSPLUSFLAGS = (
					"-pipe",
					"-g",
					"-Wall",
					"-W",
					"-DQT_USE_QSTRINGBUILDER",
					"-DQT_SQL_LIB",
					"-DQT_GUI_LIB",
					"-DQT_CORE_LIB",
					"-DQT_SHARED");
				OTHER_LDFLAGS = (
						"-headerpad_max_install_names",
						"-L/Library/Frameworks",
						"-F/Library/Frameworks");
				ARCHS = "x86_64";
			};
			name = "Debug";
		};
		BEC09A62E69C3553534FF35E = {
			isa = XCBuildConfiguration;
			buildSettings = {
				COPY_PHASE_STRIP = "NO";
				GCC_GENERATE_DEBUGGING_SYMBOLS = "YES";
				GCC_OPTIMIZATION_LEVEL = "0";
				PRODUCT_NAME = "KapCompta";
				PRODUCT_NAME = "KapCompta";
			};
			name = "Debug";
		};
		2C641C3335766025DD51B7BD = {
			buildRules = (
				);
			buildSettings = {
				COPY_PHASE_STRIP = "NO";
				GCC_GENERATE_DEBUGGING_SYMBOLS = "YES";
				GCC_OPTIMIZATION_LEVEL = "0";
				PRODUCT_NAME = "KapCompta";
			};
			isa = "PBXBuildStyle";
			name = "Debug";
		};
		D70590BEB531B51029F711BB = {
			isa = XCBuildConfiguration;
			buildSettings = {
				COPY_PHASE_STRIP = "YES";
				GCC_GENERATE_DEBUGGING_SYMBOLS = "NO";
				PRODUCT_NAME = "KapCompta";
				HEADER_SEARCH_PATHS = (
					"/Library/Frameworks/QtCore.framework/Versions/4/Headers",
					"/usr/include/QtCore",
					"/Library/Frameworks/QtGui.framework/Versions/4/Headers",
					"/usr/include/QtGui",
					"/Library/Frameworks/QtSql.framework/Versions/4/Headers",
					"/usr/include/QtSql",
					"/usr/include",
					".",
					"/usr/local/include",
					"/System/Library/Frameworks/CarbonCore.framework/Headers",
					"/usr/local/Qt4.8/mkspecs/macx-xcode");
				LIBRARY_SEARCH_PATHS = (
					"/Library/Frameworks");
				FRAMEWORK_SEARCH_PATHS = (
					"/Library/Frameworks",
					"/Library/Frameworks");
				INFOPLIST_FILE = "Info.plist";
				OTHER_CFLAGS = (
					"-pipe",
					"-g",
					"-Wall",
					"-W",
					"-DQT_USE_QSTRINGBUILDER",
					"-DQT_SQL_LIB",
					"-DQT_GUI_LIB",
					"-DQT_CORE_LIB",
					"-DQT_SHARED");
				OTHER_CPLUSPLUSFLAGS = (
					"-pipe",
					"-g",
					"-Wall",
					"-W",
					"-DQT_USE_QSTRINGBUILDER",
					"-DQT_SQL_LIB",
					"-DQT_GUI_LIB",
					"-DQT_CORE_LIB",
					"-DQT_SHARED");
				OTHER_LDFLAGS = (
						"-headerpad_max_install_names",
						"-L/Library/Frameworks",
						"-F/Library/Frameworks");
				ARCHS = "x86_64";
			};
			name = "Release";
		};
		8C7174830A1E4DCBA0332EC1 = {
			isa = XCBuildConfiguration;
			buildSettings = {
				COPY_PHASE_STRIP = "YES";
				GCC_GENERATE_DEBUGGING_SYMBOLS = "NO";
				PRODUCT_NAME = "KapCompta";
				PRODUCT_NAME = "KapCompta";
			};
			name = "Release";
		};
		26DE8D2AEA4B3714B41E931F = {
			buildRules = (
				);
			buildSettings = {
				COPY_PHASE_STRIP = "YES";
				GCC_GENERATE_DEBUGGING_SYMBOLS = "NO";
				PRODUCT_NAME = "KapCompta";
			};
			isa = "PBXBuildStyle";
			name = "Release";
		};
		CC82A9286117DFED018F418F = {
			isa = XCConfigurationList;
			buildConfigurations = (
				"4B72B24813252891014BCF61",
				"D70590BEB531B51029F711BB");
			defaultConfigurationIsVisible = 0;
			defaultConfigurationIsName = "Debug";
		};
		17B3380A4D6A7D415E7F2E1E = {
			isa = XCConfigurationList;
			buildConfigurations = (
				"BEC09A62E69C3553534FF35E",
				"8C7174830A1E4DCBA0332EC1");
			defaultConfigurationIsVisible = 0;
			defaultConfigurationIsName = "Debug";
		};
		91B15E841AA80083484172DE = {
			buildStyles = (
				"2C641C3335766025DD51B7BD",
				"26DE8D2AEA4B3714B41E931F");
			hasScannedForEncodings = 1;
			isa = PBXProject;
			mainGroup = "05596AB53D8D521C69802C27";
			buildConfigurationList = "CC82A9286117DFED018F418F";
			projectDirPath = "";
			targets = (
				"C344A70C4FA674C9369F4EB5");
		};
	};
	rootObject = "91B15E841AA80083484172DE";
}
